
Microsoft Visual Studio Solution File, Format Version 12.00
# Visual Studio Version 17
VisualStudioVersion = 17.5.33414.496
MinimumVisualStudioVersion = 10.0.40219.1
Project("{9A19103F-16F7-4668-BE54-9A1E7A4F7556}") = "tpmodul 9", "tpmodul 9\tpmodul 9.csproj", "{424C2AAC-4F0F-476B-BEF9-05D459C51F0E}"
EndProject
Project("{FAE04EC0-301F-11D3-BF4B-00C04F79EFBC}") = "api_tpmodul 9", "..\api_tpmodul 9\api_tpmodul 9.csproj", "{E4BDB9CD-F989-4192-A4BA-053A176FE8C4}"
EndProject
Global
	GlobalSection(SolutionConfigurationPlatforms) = preSolution
		Debug|Any CPU = Debug|Any CPU
		Release|Any CPU = Release|Any CPU
	EndGlobalSection
	GlobalSection(ProjectConfigurationPlatforms) = postSolution
		{424C2AAC-4F0F-476B-BEF9-05D459C51F0E}.Debug|Any CPU.ActiveCfg = Debug|Any CPU
		{424C2AAC-4F0F-476B-BEF9-05D459C51F0E}.Debug|Any CPU.Build.0 = Debug|Any CPU
		{424C2AAC-4F0F-476B-BEF9-05D459C51F0E}.Release|Any CPU.ActiveCfg = Release|Any CPU
		{424C2AAC-4F0F-476B-BEF9-05D459C51F0E}.Release|Any CPU.Build.0 = Release|Any CPU
		{E4BDB9CD-F989-4192-A4BA-053A176FE8C4}.Debug|Any CPU.ActiveCfg = Debug|Any CPU
		{E4BDB9CD-F989-4192-A4BA-053A176FE8C4}.Debug|Any CPU.Build.0 = Debug|Any CPU
		{E4BDB9CD-F989-4192-A4BA-053A176FE8C4}.Release|Any CPU.ActiveCfg = Release|Any CPU
		{E4BDB9CD-F989-4192-A4BA-053A176FE8C4}.Release|Any CPU.Build.0 = Release|Any CPU
	EndGlobalSection
	GlobalSection(SolutionProperties) = preSolution
		HideSolutionNode = FALSE
	EndGlobalSection
	GlobalSection(ExtensibilityGlobals) = postSolution
		SolutionGuid = {9D8BAD77-4C43-4127-BA51-9EA07AA5D9D0}
	EndGlobalSection
EndGlobal
